
Microsoft Visual Studio Solution File, Format Version 12.00
# Visual Studio 2012
Project("{FAE04EC0-301F-11D3-BF4B-00C04F79EFBC}") = "GenericQuerySystem", "GenericQuerySystem\GenericQuerySystem.csproj", "{57836A41-87CB-4D4B-BACC-A3A936FD05FB}"
EndProject
Project("{FAE04EC0-301F-11D3-BF4B-00C04F79EFBC}") = "GenericQuerySystemTests.Unit", "GenericQuerySystemTests.Unit\GenericQuerySystemTests.Unit.csproj", "{08EEEC7B-C2B4-4EBC-8E71-8D8E7A1060AA}"
EndProject
Global
	GlobalSection(SolutionConfigurationPlatforms) = preSolution
		Debug|Any CPU = Debug|Any CPU
		Release|Any CPU = Release|Any CPU
	EndGlobalSection
	GlobalSection(ProjectConfigurationPlatforms) = postSolution
		{57836A41-87CB-4D4B-BACC-A3A936FD05FB}.Debug|Any CPU.ActiveCfg = Debug|Any CPU
		{57836A41-87CB-4D4B-BACC-A3A936FD05FB}.Debug|Any CPU.Build.0 = Debug|Any CPU
		{57836A41-87CB-4D4B-BACC-A3A936FD05FB}.Release|Any CPU.ActiveCfg = Release|Any CPU
		{57836A41-87CB-4D4B-BACC-A3A936FD05FB}.Release|Any CPU.Build.0 = Release|Any CPU
		{08EEEC7B-C2B4-4EBC-8E71-8D8E7A1060AA}.Debug|Any CPU.ActiveCfg = Debug|Any CPU
		{08EEEC7B-C2B4-4EBC-8E71-8D8E7A1060AA}.Debug|Any CPU.Build.0 = Debug|Any CPU
		{08EEEC7B-C2B4-4EBC-8E71-8D8E7A1060AA}.Release|Any CPU.ActiveCfg = Release|Any CPU
		{08EEEC7B-C2B4-4EBC-8E71-8D8E7A1060AA}.Release|Any CPU.Build.0 = Release|Any CPU
	EndGlobalSection
EndGlobal
