Microsoft Visual Studio Solution File, Format Version 12.00
# Visual Studio 15
VisualStudioVersion = 15.0.27428.2043
MinimumVisualStudioVersion = 10.0.40219.1
Project("{9A19103F-16F7-4668-BE54-9A1E7A4F7556}") = "GenericQuerySystem", "GenericQuerySystem\GenericQuerySystem.csproj", "{57836A41-87CB-4D4B-BACC-A3A936FD05FB}"
EndProject
Project("{9A19103F-16F7-4668-BE54-9A1E7A4F7556}") = "GenericQuerySystemTests.Unit", "GenericQuerySystemTests.Unit\GenericQuerySystemTests.Unit.csproj", "{08EEEC7B-C2B4-4EBC-8E71-8D8E7A1060AA}"
EndProject
Project("{FAE04EC0-301F-11D3-BF4B-00C04F79EFBC}") = "SimpleUse", "SimpleUse\SimpleUse.csproj", "{4EA9ECB2-6443-4D96-A7DF-DABD6AC4E053}"
EndProject
Global
	GlobalSection(SolutionConfigurationPlatforms) = preSolution
		Debug|Any CPU = Debug|Any CPU
		Release|Any CPU = Release|Any CPU
	EndGlobalSection
	GlobalSection(ProjectConfigurationPlatforms) = postSolution
		{57836A41-87CB-4D4B-BACC-A3A936FD05FB}.Debug|Any CPU.ActiveCfg = Debug|Any CPU
		{57836A41-87CB-4D4B-BACC-A3A936FD05FB}.Debug|Any CPU.Build.0 = Debug|Any CPU
		{57836A41-87CB-4D4B-BACC-A3A936FD05FB}.Release|Any CPU.ActiveCfg = Release|Any CPU
		{57836A41-87CB-4D4B-BACC-A3A936FD05FB}.Release|Any CPU.Build.0 = Release|Any CPU
		{08EEEC7B-C2B4-4EBC-8E71-8D8E7A1060AA}.Debug|Any CPU.ActiveCfg = Debug|Any CPU
		{08EEEC7B-C2B4-4EBC-8E71-8D8E7A1060AA}.Debug|Any CPU.Build.0 = Debug|Any CPU
		{08EEEC7B-C2B4-4EBC-8E71-8D8E7A1060AA}.Release|Any CPU.ActiveCfg = Release|Any CPU
		{08EEEC7B-C2B4-4EBC-8E71-8D8E7A1060AA}.Release|Any CPU.Build.0 = Release|Any CPU
		{4EA9ECB2-6443-4D96-A7DF-DABD6AC4E053}.Debug|Any CPU.ActiveCfg = Debug|Any CPU
		{4EA9ECB2-6443-4D96-A7DF-DABD6AC4E053}.Debug|Any CPU.Build.0 = Debug|Any CPU
		{4EA9ECB2-6443-4D96-A7DF-DABD6AC4E053}.Release|Any CPU.ActiveCfg = Release|Any CPU
		{4EA9ECB2-6443-4D96-A7DF-DABD6AC4E053}.Release|Any CPU.Build.0 = Release|Any CPU
	EndGlobalSection
	GlobalSection(SolutionProperties) = preSolution
		HideSolutionNode = FALSE
	EndGlobalSection
	GlobalSection(ExtensibilityGlobals) = postSolution
		SolutionGuid = {FA6B2967-99AB-45D6-9FA7-E3DDB98A100A}
	EndGlobalSection
EndGlobal
